
Microsoft Visual Studio Solution File, Format Version 12.00
# Visual Studio Version 16
VisualStudioVersion = 16.0.29709.97
MinimumVisualStudioVersion = 10.0.40219.1
Project("{FAE04EC0-301F-11D3-BF4B-00C04F79EFBC}") = "MessagehandlerWithWebAPI", "MessagehandlerWithWebAPI.csproj", "{DC87F945-2DEB-4EDA-88E8-25D6D0F6719F}"
EndProject
Global
	GlobalSection(SolutionConfigurationPlatforms) = preSolution
		Debug|Any CPU = Debug|Any CPU
		Release|Any CPU = Release|Any CPU
	EndGlobalSection
	GlobalSection(ProjectConfigurationPlatforms) = postSolution
		{DC87F945-2DEB-4EDA-88E8-25D6D0F6719F}.Debug|Any CPU.ActiveCfg = Debug|Any CPU
		{DC87F945-2DEB-4EDA-88E8-25D6D0F6719F}.Debug|Any CPU.Build.0 = Debug|Any CPU
		{DC87F945-2DEB-4EDA-88E8-25D6D0F6719F}.Release|Any CPU.ActiveCfg = Release|Any CPU
		{DC87F945-2DEB-4EDA-88E8-25D6D0F6719F}.Release|Any CPU.Build.0 = Release|Any CPU
	EndGlobalSection
	GlobalSection(SolutionProperties) = preSolution
		HideSolutionNode = FALSE
	EndGlobalSection
	GlobalSection(ExtensibilityGlobals) = postSolution
		SolutionGuid = {EF76F838-5E71-490C-913C-A9F1518FD429}
	EndGlobalSection
EndGlobal
